// !$*UTF8*$!
{
	archiveVersion = 1;
	classes = {
	};
	objectVersion = 77;
	objects = {

/* Begin PBXBuildFile section */
		402723CF2D428AEF00D60F8B /* Supabase in Frameworks */ = {isa = PBXBuildFile; productRef = 402723CE2D428AEF00D60F8B /* Supabase */; };
		40D768212D427EE400ED350B /* .gitignore in Resources */ = {isa = PBXBuildFile; fileRef = 40D768202D427EDB00ED350B /* .gitignore */; };
/* End PBXBuildFile section */

/* Begin PBXContainerItemProxy section */
		405D48E42D41857200C5D911 /* PBXContainerItemProxy */ = {
			isa = PBXContainerItemProxy;
			containerPortal = 405D48CB2D41857000C5D911 /* Project object */;
			proxyType = 1;
			remoteGlobalIDString = 405D48D22D41857000C5D911;
			remoteInfo = "Active Reminders";
		};
		405D48EE2D41857200C5D911 /* PBXContainerItemProxy */ = {
			isa = PBXContainerItemProxy;
			containerPortal = 405D48CB2D41857000C5D911 /* Project object */;
			proxyType = 1;
			remoteGlobalIDString = 405D48D22D41857000C5D911;
			remoteInfo = "Active Reminders";
		};
/* End PBXContainerItemProxy section */

/* Begin PBXFileReference section */
		405D48D32D41857000C5D911 /* Active Reminders.app */ = {isa = PBXFileReference; explicitFileType = wrapper.application; includeInIndex = 0; path = "Active Reminders.app"; sourceTree = BUILT_PRODUCTS_DIR; };
		405D48E32D41857200C5D911 /* Active RemindersTests.xctest */ = {isa = PBXFileReference; explicitFileType = wrapper.cfbundle; includeInIndex = 0; path = "Active RemindersTests.xctest"; sourceTree = BUILT_PRODUCTS_DIR; };
		405D48ED2D41857200C5D911 /* Active RemindersUITests.xctest */ = {isa = PBXFileReference; explicitFileType = wrapper.cfbundle; includeInIndex = 0; path = "Active RemindersUITests.xctest"; sourceTree = BUILT_PRODUCTS_DIR; };
		40D768202D427EDB00ED350B /* .gitignore */ = {isa = PBXFileReference; lastKnownFileType = text; path = .gitignore; sourceTree = "<group>"; };
/* End PBXFileReference section */

/* Begin PBXFileSystemSynchronizedRootGroup section */
		405D48D52D41857000C5D911 /* Active Reminders */ = {
			isa = PBXFileSystemSynchronizedRootGroup;
			path = "Active Reminders";
			sourceTree = "<group>";
		};
		405D48E62D41857200C5D911 /* Active RemindersTests */ = {
			isa = PBXFileSystemSynchronizedRootGroup;
			path = "Active RemindersTests";
			sourceTree = "<group>";
		};
		405D48F02D41857200C5D911 /* Active RemindersUITests */ = {
			isa = PBXFileSystemSynchronizedRootGroup;
			path = "Active RemindersUITests";
			sourceTree = "<group>";
		};
/* End PBXFileSystemSynchronizedRootGroup section */

/* Begin PBXFrameworksBuildPhase section */
		405D48D02D41857000C5D911 /* Frameworks */ = {
			isa = PBXFrameworksBuildPhase;
			buildActionMask = 2147483647;
			files = (
				402723CF2D428AEF00D60F8B /* Supabase in Frameworks */,
			);
			runOnlyForDeploymentPostprocessing = 0;
		};
		405D48E02D41857200C5D911 /* Frameworks */ = {
			isa = PBXFrameworksBuildPhase;
			buildActionMask = 2147483647;
			files = (
			);
			runOnlyForDeploymentPostprocessing = 0;
		};
		405D48EA2D41857200C5D911 /* Frameworks */ = {
			isa = PBXFrameworksBuildPhase;
			buildActionMask = 2147483647;
			files = (
			);
			runOnlyForDeploymentPostprocessing = 0;
		};
/* End PBXFrameworksBuildPhase section */

/* Begin PBXGroup section */
		402723CD2D428AEF00D60F8B /* Frameworks */ = {
			isa = PBXGroup;
			children = (
			);
			name = Frameworks;
			sourceTree = "<group>";
		};
		405D48CA2D41857000C5D911 = {
			isa = PBXGroup;
			children = (
				40D768202D427EDB00ED350B /* .gitignore */,
				405D48D52D41857000C5D911 /* Active Reminders */,
				405D48E62D41857200C5D911 /* Active RemindersTests */,
				405D48F02D41857200C5D911 /* Active RemindersUITests */,
				402723CD2D428AEF00D60F8B /* Frameworks */,
				405D48D42D41857000C5D911 /* Products */,
			);
			sourceTree = "<group>";
		};
		405D48D42D41857000C5D911 /* Products */ = {
			isa = PBXGroup;
			children = (
				405D48D32D41857000C5D911 /* Active Reminders.app */,
				405D48E32D41857200C5D911 /* Active RemindersTests.xctest */,
				405D48ED2D41857200C5D911 /* Active RemindersUITests.xctest */,
			);
			name = Products;
			sourceTree = "<group>";
		};
/* End PBXGroup section */

/* Begin PBXNativeTarget section */
		405D48D22D41857000C5D911 /* Active Reminders */ = {
			isa = PBXNativeTarget;
			buildConfigurationList = 405D48F72D41857200C5D911 /* Build configuration list for PBXNativeTarget "Active Reminders" */;
			buildPhases = (
				405D48CF2D41857000C5D911 /* Sources */,
				405D48D02D41857000C5D911 /* Frameworks */,
				405D48D12D41857000C5D911 /* Resources */,
			);
			buildRules = (
			);
			dependencies = (
			);
			fileSystemSynchronizedGroups = (
				405D48D52D41857000C5D911 /* Active Reminders */,
			);
			name = "Active Reminders";
			packageProductDependencies = (
				402723CE2D428AEF00D60F8B /* Supabase */,
			);
			productName = "Active Reminders";
			productReference = 405D48D32D41857000C5D911 /* Active Reminders.app */;
			productType = "com.apple.product-type.application";
		};
		405D48E22D41857200C5D911 /* Active RemindersTests */ = {
			isa = PBXNativeTarget;
			buildConfigurationList = 405D48FA2D41857200C5D911 /* Build configuration list for PBXNativeTarget "Active RemindersTests" */;
			buildPhases = (
				405D48DF2D41857200C5D911 /* Sources */,
				405D48E02D41857200C5D911 /* Frameworks */,
				405D48E12D41857200C5D911 /* Resources */,
			);
			buildRules = (
			);
			dependencies = (
				405D48E52D41857200C5D911 /* PBXTargetDependency */,
			);
			fileSystemSynchronizedGroups = (
				405D48E62D41857200C5D911 /* Active RemindersTests */,
			);
			name = "Active RemindersTests";
			packageProductDependencies = (
			);
			productName = "Active RemindersTests";
			productReference = 405D48E32D41857200C5D911 /* Active RemindersTests.xctest */;
			productType = "com.apple.product-type.bundle.unit-test";
		};
		405D48EC2D41857200C5D911 /* Active RemindersUITests */ = {
			isa = PBXNativeTarget;
			buildConfigurationList = 405D48FD2D41857200C5D911 /* Build configuration list for PBXNativeTarget "Active RemindersUITests" */;
			buildPhases = (
				405D48E92D41857200C5D911 /* Sources */,
				405D48EA2D41857200C5D911 /* Frameworks */,
				405D48EB2D41857200C5D911 /* Resources */,
			);
			buildRules = (
			);
			dependencies = (
				405D48EF2D41857200C5D911 /* PBXTargetDependency */,
			);
			fileSystemSynchronizedGroups = (
				405D48F02D41857200C5D911 /* Active RemindersUITests */,
			);
			name = "Active RemindersUITests";
			packageProductDependencies = (
			);
			productName = "Active RemindersUITests";
			productReference = 405D48ED2D41857200C5D911 /* Active RemindersUITests.xctest */;
			productType = "com.apple.product-type.bundle.ui-testing";
		};
/* End PBXNativeTarget section */

/* Begin PBXProject section */
		405D48CB2D41857000C5D911 /* Project object */ = {
			isa = PBXProject;
			attributes = {
				BuildIndependentTargetsInParallel = 1;
				LastSwiftUpdateCheck = 1620;
				LastUpgradeCheck = 1620;
				TargetAttributes = {
					405D48D22D41857000C5D911 = {
						CreatedOnToolsVersion = 16.2;
					};
					405D48E22D41857200C5D911 = {
						CreatedOnToolsVersion = 16.2;
						TestTargetID = 405D48D22D41857000C5D911;
					};
					405D48EC2D41857200C5D911 = {
						CreatedOnToolsVersion = 16.2;
						TestTargetID = 405D48D22D41857000C5D911;
					};
				};
			};
			buildConfigurationList = 405D48CE2D41857000C5D911 /* Build configuration list for PBXProject "Active Reminders" */;
			developmentRegion = en;
			hasScannedForEncodings = 0;
			knownRegions = (
				en,
				Base,
			);
			mainGroup = 405D48CA2D41857000C5D911;
			minimizedProjectReferenceProxies = 1;
			packageReferences = (
				402723C92D42883000D60F8B /* XCRemoteSwiftPackageReference "supabase-swift" */,
			);
			preferredProjectObjectVersion = 77;
			productRefGroup = 405D48D42D41857000C5D911 /* Products */;
			projectDirPath = "";
			projectRoot = "";
			targets = (
				405D48D22D41857000C5D911 /* Active Reminders */,
				405D48E22D41857200C5D911 /* Active RemindersTests */,
				405D48EC2D41857200C5D911 /* Active RemindersUITests */,
			);
		};
/* End PBXProject section */

/* Begin PBXResourcesBuildPhase section */
		405D48D12D41857000C5D911 /* Resources */ = {
			isa = PBXResourcesBuildPhase;
			buildActionMask = 2147483647;
			files = (
				40D768212D427EE400ED350B /* .gitignore in Resources */,
			);
			runOnlyForDeploymentPostprocessing = 0;
		};
		405D48E12D41857200C5D911 /* Resources */ = {
			isa = PBXResourcesBuildPhase;
			buildActionMask = 2147483647;
			files = (
			);
			runOnlyForDeploymentPostprocessing = 0;
		};
		405D48EB2D41857200C5D911 /* Resources */ = {
			isa = PBXResourcesBuildPhase;
			buildActionMask = 2147483647;
			files = (
			);
			runOnlyForDeploymentPostprocessing = 0;
		};
/* End PBXResourcesBuildPhase section */

/* Begin PBXSourcesBuildPhase section */
		405D48CF2D41857000C5D911 /* Sources */ = {
			isa = PBXSourcesBuildPhase;
			buildActionMask = 2147483647;
			files = (
			);
			runOnlyForDeploymentPostprocessing = 0;
		};
		405D48DF2D41857200C5D911 /* Sources */ = {
			isa = PBXSourcesBuildPhase;
			buildActionMask = 2147483647;
			files = (
			);
			runOnlyForDeploymentPostprocessing = 0;
		};
		405D48E92D41857200C5D911 /* Sources */ = {
			isa = PBXSourcesBuildPhase;
			buildActionMask = 2147483647;
			files = (
			);
			runOnlyForDeploymentPostprocessing = 0;
		};
/* End PBXSourcesBuildPhase section */

/* Begin PBXTargetDependency section */
		405D48E52D41857200C5D911 /* PBXTargetDependency */ = {
			isa = PBXTargetDependency;
			target = 405D48D22D41857000C5D911 /* Active Reminders */;
			targetProxy = 405D48E42D41857200C5D911 /* PBXContainerItemProxy */;
		};
		405D48EF2D41857200C5D911 /* PBXTargetDependency */ = {
			isa = PBXTargetDependency;
			target = 405D48D22D41857000C5D911 /* Active Reminders */;
			targetProxy = 405D48EE2D41857200C5D911 /* PBXContainerItemProxy */;
		};
/* End PBXTargetDependency section */

/* Begin XCBuildConfiguration section */
		405D48F52D41857200C5D911 /* Debug */ = {
			isa = XCBuildConfiguration;
			buildSettings = {
				ALWAYS_SEARCH_USER_PATHS = NO;
				ASSETCATALOG_COMPILER_GENERATE_SWIFT_ASSET_SYMBOL_EXTENSIONS = YES;
				CLANG_ANALYZER_NONNULL = YES;
				CLANG_ANALYZER_NUMBER_OBJECT_CONVERSION = YES_AGGRESSIVE;
				CLANG_CXX_LANGUAGE_STANDARD = "gnu++20";
				CLANG_ENABLE_MODULES = YES;
				CLANG_ENABLE_OBJC_ARC = YES;
				CLANG_ENABLE_OBJC_WEAK = YES;
				CLANG_WARN_BLOCK_CAPTURE_AUTORELEASING = YES;
				CLANG_WARN_BOOL_CONVERSION = YES;
				CLANG_WARN_COMMA = YES;
				CLANG_WARN_CONSTANT_CONVERSION = YES;
				CLANG_WARN_DEPRECATED_OBJC_IMPLEMENTATIONS = YES;
				CLANG_WARN_DIRECT_OBJC_ISA_USAGE = YES_ERROR;
				CLANG_WARN_DOCUMENTATION_COMMENTS = YES;
				CLANG_WARN_EMPTY_BODY = YES;
				CLANG_WARN_ENUM_CONVERSION = YES;
				CLANG_WARN_INFINITE_RECURSION = YES;
				CLANG_WARN_INT_CONVERSION = YES;
				CLANG_WARN_NON_LITERAL_NULL_CONVERSION = YES;
				CLANG_WARN_OBJC_IMPLICIT_RETAIN_SELF = YES;
				CLANG_WARN_OBJC_LITERAL_CONVERSION = YES;
				CLANG_WARN_OBJC_ROOT_CLASS = YES_ERROR;
				CLANG_WARN_QUOTED_INCLUDE_IN_FRAMEWORK_HEADER = YES;
				CLANG_WARN_RANGE_LOOP_ANALYSIS = YES;
				CLANG_WARN_STRICT_PROTOTYPES = YES;
				CLANG_WARN_SUSPICIOUS_MOVE = YES;
				CLANG_WARN_UNGUARDED_AVAILABILITY = YES_AGGRESSIVE;
				CLANG_WARN_UNREACHABLE_CODE = YES;
				CLANG_WARN__DUPLICATE_METHOD_MATCH = YES;
				COPY_PHASE_STRIP = NO;
				DEBUG_INFORMATION_FORMAT = dwarf;
				ENABLE_STRICT_OBJC_MSGSEND = YES;
				ENABLE_TESTABILITY = YES;
				ENABLE_USER_SCRIPT_SANDBOXING = YES;
				GCC_C_LANGUAGE_STANDARD = gnu17;
				GCC_DYNAMIC_NO_PIC = NO;
				GCC_NO_COMMON_BLOCKS = YES;
				GCC_OPTIMIZATION_LEVEL = 0;
				GCC_PREPROCESSOR_DEFINITIONS = (
					"DEBUG=1",
					"$(inherited)",
				);
				GCC_WARN_64_TO_32_BIT_CONVERSION = YES;
				GCC_WARN_ABOUT_RETURN_TYPE = YES_ERROR;
				GCC_WARN_UNDECLARED_SELECTOR = YES;
				GCC_WARN_UNINITIALIZED_AUTOS = YES_AGGRESSIVE;
				GCC_WARN_UNUSED_FUNCTION = YES;
				GCC_WARN_UNUSED_VARIABLE = YES;
				IPHONEOS_DEPLOYMENT_TARGET = 18.2;
				LOCALIZATION_PREFERS_STRING_CATALOGS = YES;
				MTL_ENABLE_DEBUG_INFO = INCLUDE_SOURCE;
				MTL_FAST_MATH = YES;
				ONLY_ACTIVE_ARCH = YES;
				SDKROOT = iphoneos;
				SWIFT_ACTIVE_COMPILATION_CONDITIONS = "DEBUG $(inherited)";
				SWIFT_OPTIMIZATION_LEVEL = "-Onone";
			};
			name = Debug;
		};
		405D48F62D41857200C5D911 /* Release */ = {
			isa = XCBuildConfiguration;
			buildSettings = {
				ALWAYS_SEARCH_USER_PATHS = NO;
				ASSETCATALOG_COMPILER_GENERATE_SWIFT_ASSET_SYMBOL_EXTENSIONS = YES;
				CLANG_ANALYZER_NONNULL = YES;
				CLANG_ANALYZER_NUMBER_OBJECT_CONVERSION = YES_AGGRESSIVE;
				CLANG_CXX_LANGUAGE_STANDARD = "gnu++20";
				CLANG_ENABLE_MODULES = YES;
				CLANG_ENABLE_OBJC_ARC = YES;
				CLANG_ENABLE_OBJC_WEAK = YES;
				CLANG_WARN_BLOCK_CAPTURE_AUTORELEASING = YES;
				CLANG_WARN_BOOL_CONVERSION = YES;
				CLANG_WARN_COMMA = YES;
				CLANG_WARN_CONSTANT_CONVERSION = YES;
				CLANG_WARN_DEPRECATED_OBJC_IMPLEMENTATIONS = YES;
				CLANG_WARN_DIRECT_OBJC_ISA_USAGE = YES_ERROR;
				CLANG_WARN_DOCUMENTATION_COMMENTS = YES;
				CLANG_WARN_EMPTY_BODY = YES;
				CLANG_WARN_ENUM_CONVERSION = YES;
				CLANG_WARN_INFINITE_RECURSION = YES;
				CLANG_WARN_INT_CONVERSION = YES;
				CLANG_WARN_NON_LITERAL_NULL_CONVERSION = YES;
				CLANG_WARN_OBJC_IMPLICIT_RETAIN_SELF = YES;
				CLANG_WARN_OBJC_LITERAL_CONVERSION = YES;
				CLANG_WARN_OBJC_ROOT_CLASS = YES_ERROR;
				CLANG_WARN_QUOTED_INCLUDE_IN_FRAMEWORK_HEADER = YES;
				CLANG_WARN_RANGE_LOOP_ANALYSIS = YES;
				CLANG_WARN_STRICT_PROTOTYPES = YES;
				CLANG_WARN_SUSPICIOUS_MOVE = YES;
				CLANG_WARN_UNGUARDED_AVAILABILITY = YES_AGGRESSIVE;
				CLANG_WARN_UNREACHABLE_CODE = YES;
				CLANG_WARN__DUPLICATE_METHOD_MATCH = YES;
				COPY_PHASE_STRIP = NO;
				DEBUG_INFORMATION_FORMAT = "dwarf-with-dsym";
				ENABLE_NS_ASSERTIONS = NO;
				ENABLE_STRICT_OBJC_MSGSEND = YES;
				ENABLE_USER_SCRIPT_SANDBOXING = YES;
				GCC_C_LANGUAGE_STANDARD = gnu17;
				GCC_NO_COMMON_BLOCKS = YES;
				GCC_WARN_64_TO_32_BIT_CONVERSION = YES;
				GCC_WARN_ABOUT_RETURN_TYPE = YES_ERROR;
				GCC_WARN_UNDECLARED_SELECTOR = YES;
				GCC_WARN_UNINITIALIZED_AUTOS = YES_AGGRESSIVE;
				GCC_WARN_UNUSED_FUNCTION = YES;
				GCC_WARN_UNUSED_VARIABLE = YES;
				IPHONEOS_DEPLOYMENT_TARGET = 18.2;
				LOCALIZATION_PREFERS_STRING_CATALOGS = YES;
				MTL_ENABLE_DEBUG_INFO = NO;
				MTL_FAST_MATH = YES;
				SDKROOT = iphoneos;
				SWIFT_COMPILATION_MODE = wholemodule;
				VALIDATE_PRODUCT = YES;
			};
			name = Release;
		};
		405D48F82D41857200C5D911 /* Debug */ = {
			isa = XCBuildConfiguration;
			buildSettings = {
				ASSETCATALOG_COMPILER_APPICON_NAME = AppIcon;
				ASSETCATALOG_COMPILER_GLOBAL_ACCENT_COLOR_NAME = AccentColor;
				CODE_SIGN_ENTITLEMENTS = "Active Reminders/Active Reminders.entitlements";
				CODE_SIGN_STYLE = Automatic;
				CURRENT_PROJECT_VERSION = 1;
				DEVELOPMENT_ASSET_PATHS = "\"Active Reminders/Preview Content\"";
				ENABLE_PREVIEWS = YES;
				GENERATE_INFOPLIST_FILE = YES;
				INFOPLIST_KEY_UIApplicationSceneManifest_Generation = YES;
				INFOPLIST_KEY_UIApplicationSupportsIndirectInputEvents = YES;
				INFOPLIST_KEY_UILaunchScreen_Generation = YES;
				INFOPLIST_KEY_UISupportedInterfaceOrientations_iPad = "UIInterfaceOrientationPortrait UIInterfaceOrientationPortraitUpsideDown UIInterfaceOrientationLandscapeLeft UIInterfaceOrientationLandscapeRight";
				INFOPLIST_KEY_UISupportedInterfaceOrientations_iPhone = "UIInterfaceOrientationPortrait UIInterfaceOrientationLandscapeLeft UIInterfaceOrientationLandscapeRight";
				LD_RUNPATH_SEARCH_PATHS = (
					"$(inherited)",
					"@executable_path/Frameworks",
				);
				MARKETING_VERSION = 1.0;
				PRODUCT_BUNDLE_IDENTIFIER = "com.roni.Active-Reminders";
				PRODUCT_NAME = "$(TARGET_NAME)";
				SWIFT_EMIT_LOC_STRINGS = YES;
				SWIFT_VERSION = 5.0;
				TARGETED_DEVICE_FAMILY = "1,2";
			};
			name = Debug;
		};
		405D48F92D41857200C5D911 /* Release */ = {
			isa = XCBuildConfiguration;
			buildSettings = {
				ASSETCATALOG_COMPILER_APPICON_NAME = AppIcon;
				ASSETCATALOG_COMPILER_GLOBAL_ACCENT_COLOR_NAME = AccentColor;
				CODE_SIGN_ENTITLEMENTS = "Active Reminders/Active Reminders.entitlements";
				CODE_SIGN_STYLE = Automatic;
				CURRENT_PROJECT_VERSION = 1;
				DEVELOPMENT_ASSET_PATHS = "\"Active Reminders/Preview Content\"";
				ENABLE_PREVIEWS = YES;
				GENERATE_INFOPLIST_FILE = YES;
				INFOPLIST_KEY_UIApplicationSceneManifest_Generation = YES;
				INFOPLIST_KEY_UIApplicationSupportsIndirectInputEvents = YES;
				INFOPLIST_KEY_UILaunchScreen_Generation = YES;
				INFOPLIST_KEY_UISupportedInterfaceOrientations_iPad = "UIInterfaceOrientationPortrait UIInterfaceOrientationPortraitUpsideDown UIInterfaceOrientationLandscapeLeft UIInterfaceOrientationLandscapeRight";
				INFOPLIST_KEY_UISupportedInterfaceOrientations_iPhone = "UIInterfaceOrientationPortrait UIInterfaceOrientationLandscapeLeft UIInterfaceOrientationLandscapeRight";
				LD_RUNPATH_SEARCH_PATHS = (
					"$(inherited)",
					"@executable_path/Frameworks",
				);
				MARKETING_VERSION = 1.0;
				PRODUCT_BUNDLE_IDENTIFIER = "com.roni.Active-Reminders";
				PRODUCT_NAME = "$(TARGET_NAME)";
				SWIFT_EMIT_LOC_STRINGS = YES;
				SWIFT_VERSION = 5.0;
				TARGETED_DEVICE_FAMILY = "1,2";
			};
			name = Release;
		};
		405D48FB2D41857200C5D911 /* Debug */ = {
			isa = XCBuildConfiguration;
			buildSettings = {
				BUNDLE_LOADER = "$(TEST_HOST)";
				CODE_SIGN_STYLE = Automatic;
				CURRENT_PROJECT_VERSION = 1;
				GENERATE_INFOPLIST_FILE = YES;
				IPHONEOS_DEPLOYMENT_TARGET = 18.2;
				MARKETING_VERSION = 1.0;
				PRODUCT_BUNDLE_IDENTIFIER = "com.roni.Active-RemindersTests";
				PRODUCT_NAME = "$(TARGET_NAME)";
				SWIFT_EMIT_LOC_STRINGS = NO;
				SWIFT_VERSION = 5.0;
				TARGETED_DEVICE_FAMILY = "1,2";
				TEST_HOST = "$(BUILT_PRODUCTS_DIR)/Active Reminders.app/$(BUNDLE_EXECUTABLE_FOLDER_PATH)/Active Reminders";
			};
			name = Debug;
		};
		405D48FC2D41857200C5D911 /* Release */ = {
			isa = XCBuildConfiguration;
			buildSettings = {
				BUNDLE_LOADER = "$(TEST_HOST)";
				CODE_SIGN_STYLE = Automatic;
				CURRENT_PROJECT_VERSION = 1;
				GENERATE_INFOPLIST_FILE = YES;
				IPHONEOS_DEPLOYMENT_TARGET = 18.2;
				MARKETING_VERSION = 1.0;
				PRODUCT_BUNDLE_IDENTIFIER = "com.roni.Active-RemindersTests";
				PRODUCT_NAME = "$(TARGET_NAME)";
				SWIFT_EMIT_LOC_STRINGS = NO;
				SWIFT_VERSION = 5.0;
				TARGETED_DEVICE_FAMILY = "1,2";
				TEST_HOST = "$(BUILT_PRODUCTS_DIR)/Active Reminders.app/$(BUNDLE_EXECUTABLE_FOLDER_PATH)/Active Reminders";
			};
			name = Release;
		};
		405D48FE2D41857200C5D911 /* Debug */ = {
			isa = XCBuildConfiguration;
			buildSettings = {
				CODE_SIGN_STYLE = Automatic;
				CURRENT_PROJECT_VERSION = 1;
				GENERATE_INFOPLIST_FILE = YES;
				MARKETING_VERSION = 1.0;
				PRODUCT_BUNDLE_IDENTIFIER = "com.roni.Active-RemindersUITests";
				PRODUCT_NAME = "$(TARGET_NAME)";
				SWIFT_EMIT_LOC_STRINGS = NO;
				SWIFT_VERSION = 5.0;
				TARGETED_DEVICE_FAMILY = "1,2";
				TEST_TARGET_NAME = "Active Reminders";
			};
			name = Debug;
		};
		405D48FF2D41857200C5D911 /* Release */ = {
			isa = XCBuildConfiguration;
			buildSettings = {
				CODE_SIGN_STYLE = Automatic;
				CURRENT_PROJECT_VERSION = 1;
				GENERATE_INFOPLIST_FILE = YES;
				MARKETING_VERSION = 1.0;
				PRODUCT_BUNDLE_IDENTIFIER = "com.roni.Active-RemindersUITests";
				PRODUCT_NAME = "$(TARGET_NAME)";
				SWIFT_EMIT_LOC_STRINGS = NO;
				SWIFT_VERSION = 5.0;
				TARGETED_DEVICE_FAMILY = "1,2";
				TEST_TARGET_NAME = "Active Reminders";
			};
			name = Release;
		};
/* End XCBuildConfiguration section */

/* Begin XCConfigurationList section */
		405D48CE2D41857000C5D911 /* Build configuration list for PBXProject "Active Reminders" */ = {
			isa = XCConfigurationList;
			buildConfigurations = (
				405D48F52D41857200C5D911 /* Debug */,
				405D48F62D41857200C5D911 /* Release */,
			);
			defaultConfigurationIsVisible = 0;
			defaultConfigurationName = Release;
		};
		405D48F72D41857200C5D911 /* Build configuration list for PBXNativeTarget "Active Reminders" */ = {
			isa = XCConfigurationList;
			buildConfigurations = (
				405D48F82D41857200C5D911 /* Debug */,
				405D48F92D41857200C5D911 /* Release */,
			);
			defaultConfigurationIsVisible = 0;
			defaultConfigurationName = Release;
		};
		405D48FA2D41857200C5D911 /* Build configuration list for PBXNativeTarget "Active RemindersTests" */ = {
			isa = XCConfigurationList;
			buildConfigurations = (
				405D48FB2D41857200C5D911 /* Debug */,
				405D48FC2D41857200C5D911 /* Release */,
			);
			defaultConfigurationIsVisible = 0;
			defaultConfigurationName = Release;
		};
		405D48FD2D41857200C5D911 /* Build configuration list for PBXNativeTarget "Active RemindersUITests" */ = {
			isa = XCConfigurationList;
			buildConfigurations = (
				405D48FE2D41857200C5D911 /* Debug */,
				405D48FF2D41857200C5D911 /* Release */,
			);
			defaultConfigurationIsVisible = 0;
			defaultConfigurationName = Release;
		};
/* End XCConfigurationList section */

/* Begin XCRemoteSwiftPackageReference section */
		402723C92D42883000D60F8B /* XCRemoteSwiftPackageReference "supabase-swift" */ = {
			isa = XCRemoteSwiftPackageReference;
			repositoryURL = "https://github.com/supabase-community/supabase-swift";
			requirement = {
				kind = upToNextMajorVersion;
				minimumVersion = 2.5.1;
			};
		};
/* End XCRemoteSwiftPackageReference section */

/* Begin XCSwiftPackageProductDependency section */
		402723CE2D428AEF00D60F8B /* Supabase */ = {
			isa = XCSwiftPackageProductDependency;
			package = 402723C92D42883000D60F8B /* XCRemoteSwiftPackageReference "supabase-swift" */;
			productName = Supabase;
		};
/* End XCSwiftPackageProductDependency section */
	};
	rootObject = 405D48CB2D41857000C5D911 /* Project object */;
}
