// !$*UTF8*$!
{
	archiveVersion = 1;
	classes = {
	};
	objectVersion = 77;
	objects = {

/* Begin PBXBuildFile section */
		40388F302D5BEDFE0064544C /* Supabase in Frameworks */ = {isa = PBXBuildFile; productRef = 40388F2F2D5BEDFE0064544C /* Supabase */; };
/* End PBXBuildFile section */

/* Begin PBXContainerItemProxy section */
		40850FF42D5BED6E004DB552 /* PBXContainerItemProxy */ = {
			isa = PBXContainerItemProxy;
			containerPortal = 40850FDB2D5BED6D004DB552 /* Project object */;
			proxyType = 1;
			remoteGlobalIDString = 40850FE22D5BED6D004DB552;
			remoteInfo = "active-reminders-frontend";
		};
		40850FFE2D5BED6E004DB552 /* PBXContainerItemProxy */ = {
			isa = PBXContainerItemProxy;
			containerPortal = 40850FDB2D5BED6D004DB552 /* Project object */;
			proxyType = 1;
			remoteGlobalIDString = 40850FE22D5BED6D004DB552;
			remoteInfo = "active-reminders-frontend";
		};
/* End PBXContainerItemProxy section */

/* Begin PBXFileReference section */
		40850FE32D5BED6D004DB552 /* active-reminders-frontend.app */ = {isa = PBXFileReference; explicitFileType = wrapper.application; includeInIndex = 0; path = "active-reminders-frontend.app"; sourceTree = BUILT_PRODUCTS_DIR; };
		40850FF32D5BED6E004DB552 /* active-reminders-frontendTests.xctest */ = {isa = PBXFileReference; explicitFileType = wrapper.cfbundle; includeInIndex = 0; path = "active-reminders-frontendTests.xctest"; sourceTree = BUILT_PRODUCTS_DIR; };
		40850FFD2D5BED6E004DB552 /* active-reminders-frontendUITests.xctest */ = {isa = PBXFileReference; explicitFileType = wrapper.cfbundle; includeInIndex = 0; path = "active-reminders-frontendUITests.xctest"; sourceTree = BUILT_PRODUCTS_DIR; };
/* End PBXFileReference section */

/* Begin PBXFileSystemSynchronizedBuildFileExceptionSet section */
		40388F352D5BEEFD0064544C /* Exceptions for "active-reminders-frontend" folder in "active-reminders-frontend" target */ = {
			isa = PBXFileSystemSynchronizedBuildFileExceptionSet;
			membershipExceptions = (
				Info.plist,
			);
			target = 40850FE22D5BED6D004DB552 /* active-reminders-frontend */;
		};
/* End PBXFileSystemSynchronizedBuildFileExceptionSet section */

/* Begin PBXFileSystemSynchronizedRootGroup section */
		40850FE52D5BED6D004DB552 /* active-reminders-frontend */ = {
			isa = PBXFileSystemSynchronizedRootGroup;
			exceptions = (
				40388F352D5BEEFD0064544C /* Exceptions for "active-reminders-frontend" folder in "active-reminders-frontend" target */,
			);
			path = "active-reminders-frontend";
			sourceTree = "<group>";
		};
		40850FF62D5BED6E004DB552 /* active-reminders-frontendTests */ = {
			isa = PBXFileSystemSynchronizedRootGroup;
			path = "active-reminders-frontendTests";
			sourceTree = "<group>";
		};
		408510002D5BED6E004DB552 /* active-reminders-frontendUITests */ = {
			isa = PBXFileSystemSynchronizedRootGroup;
			path = "active-reminders-frontendUITests";
			sourceTree = "<group>";
		};
/* End PBXFileSystemSynchronizedRootGroup section */

/* Begin PBXFrameworksBuildPhase section */
		40850FE02D5BED6D004DB552 /* Frameworks */ = {
			isa = PBXFrameworksBuildPhase;
			buildActionMask = 2147483647;
			files = (
				40388F302D5BEDFE0064544C /* Supabase in Frameworks */,
			);
			runOnlyForDeploymentPostprocessing = 0;
		};
		40850FF02D5BED6E004DB552 /* Frameworks */ = {
			isa = PBXFrameworksBuildPhase;
			buildActionMask = 2147483647;
			files = (
			);
			runOnlyForDeploymentPostprocessing = 0;
		};
		40850FFA2D5BED6E004DB552 /* Frameworks */ = {
			isa = PBXFrameworksBuildPhase;
			buildActionMask = 2147483647;
			files = (
			);
			runOnlyForDeploymentPostprocessing = 0;
		};
/* End PBXFrameworksBuildPhase section */

/* Begin PBXGroup section */
		40850FDA2D5BED6D004DB552 = {
			isa = PBXGroup;
			children = (
				40850FE52D5BED6D004DB552 /* active-reminders-frontend */,
				40850FF62D5BED6E004DB552 /* active-reminders-frontendTests */,
				408510002D5BED6E004DB552 /* active-reminders-frontendUITests */,
				408510152D5BEDEA004DB552 /* Frameworks */,
				40850FE42D5BED6D004DB552 /* Products */,
			);
			sourceTree = "<group>";
		};
		40850FE42D5BED6D004DB552 /* Products */ = {
			isa = PBXGroup;
			children = (
				40850FE32D5BED6D004DB552 /* active-reminders-frontend.app */,
				40850FF32D5BED6E004DB552 /* active-reminders-frontendTests.xctest */,
				40850FFD2D5BED6E004DB552 /* active-reminders-frontendUITests.xctest */,
			);
			name = Products;
			sourceTree = "<group>";
		};
		408510152D5BEDEA004DB552 /* Frameworks */ = {
			isa = PBXGroup;
			children = (
			);
			name = Frameworks;
			sourceTree = "<group>";
		};
/* End PBXGroup section */

/* Begin PBXNativeTarget section */
		40850FE22D5BED6D004DB552 /* active-reminders-frontend */ = {
			isa = PBXNativeTarget;
			buildConfigurationList = 408510072D5BED6E004DB552 /* Build configuration list for PBXNativeTarget "active-reminders-frontend" */;
			buildPhases = (
				40850FDF2D5BED6D004DB552 /* Sources */,
				40850FE02D5BED6D004DB552 /* Frameworks */,
				40850FE12D5BED6D004DB552 /* Resources */,
			);
			buildRules = (
			);
			dependencies = (
			);
			fileSystemSynchronizedGroups = (
				40850FE52D5BED6D004DB552 /* active-reminders-frontend */,
			);
			name = "active-reminders-frontend";
			packageProductDependencies = (
				40388F2F2D5BEDFE0064544C /* Supabase */,
			);
			productName = "active-reminders-frontend";
			productReference = 40850FE32D5BED6D004DB552 /* active-reminders-frontend.app */;
			productType = "com.apple.product-type.application";
		};
		40850FF22D5BED6E004DB552 /* active-reminders-frontendTests */ = {
			isa = PBXNativeTarget;
			buildConfigurationList = 4085100A2D5BED6E004DB552 /* Build configuration list for PBXNativeTarget "active-reminders-frontendTests" */;
			buildPhases = (
				40850FEF2D5BED6E004DB552 /* Sources */,
				40850FF02D5BED6E004DB552 /* Frameworks */,
				40850FF12D5BED6E004DB552 /* Resources */,
			);
			buildRules = (
			);
			dependencies = (
				40850FF52D5BED6E004DB552 /* PBXTargetDependency */,
			);
			fileSystemSynchronizedGroups = (
				40850FF62D5BED6E004DB552 /* active-reminders-frontendTests */,
			);
			name = "active-reminders-frontendTests";
			packageProductDependencies = (
			);
			productName = "active-reminders-frontendTests";
			productReference = 40850FF32D5BED6E004DB552 /* active-reminders-frontendTests.xctest */;
			productType = "com.apple.product-type.bundle.unit-test";
		};
		40850FFC2D5BED6E004DB552 /* active-reminders-frontendUITests */ = {
			isa = PBXNativeTarget;
			buildConfigurationList = 4085100D2D5BED6E004DB552 /* Build configuration list for PBXNativeTarget "active-reminders-frontendUITests" */;
			buildPhases = (
				40850FF92D5BED6E004DB552 /* Sources */,
				40850FFA2D5BED6E004DB552 /* Frameworks */,
				40850FFB2D5BED6E004DB552 /* Resources */,
			);
			buildRules = (
			);
			dependencies = (
				40850FFF2D5BED6E004DB552 /* PBXTargetDependency */,
			);
			fileSystemSynchronizedGroups = (
				408510002D5BED6E004DB552 /* active-reminders-frontendUITests */,
			);
			name = "active-reminders-frontendUITests";
			packageProductDependencies = (
			);
			productName = "active-reminders-frontendUITests";
			productReference = 40850FFD2D5BED6E004DB552 /* active-reminders-frontendUITests.xctest */;
			productType = "com.apple.product-type.bundle.ui-testing";
		};
/* End PBXNativeTarget section */

/* Begin PBXProject section */
		40850FDB2D5BED6D004DB552 /* Project object */ = {
			isa = PBXProject;
			attributes = {
				BuildIndependentTargetsInParallel = 1;
				LastSwiftUpdateCheck = 1620;
				LastUpgradeCheck = 1620;
				TargetAttributes = {
					40850FE22D5BED6D004DB552 = {
						CreatedOnToolsVersion = 16.2;
					};
					40850FF22D5BED6E004DB552 = {
						CreatedOnToolsVersion = 16.2;
						TestTargetID = 40850FE22D5BED6D004DB552;
					};
					40850FFC2D5BED6E004DB552 = {
						CreatedOnToolsVersion = 16.2;
						TestTargetID = 40850FE22D5BED6D004DB552;
					};
				};
			};
			buildConfigurationList = 40850FDE2D5BED6D004DB552 /* Build configuration list for PBXProject "active-reminders-frontend" */;
			developmentRegion = en;
			hasScannedForEncodings = 0;
			knownRegions = (
				en,
				Base,
			);
			mainGroup = 40850FDA2D5BED6D004DB552;
			minimizedProjectReferenceProxies = 1;
			packageReferences = (
				408510102D5BEDAD004DB552 /* XCRemoteSwiftPackageReference "supabase-swift" */,
			);
			preferredProjectObjectVersion = 77;
			productRefGroup = 40850FE42D5BED6D004DB552 /* Products */;
			projectDirPath = "";
			projectRoot = "";
			targets = (
				40850FE22D5BED6D004DB552 /* active-reminders-frontend */,
				40850FF22D5BED6E004DB552 /* active-reminders-frontendTests */,
				40850FFC2D5BED6E004DB552 /* active-reminders-frontendUITests */,
			);
		};
/* End PBXProject section */

/* Begin PBXResourcesBuildPhase section */
		40850FE12D5BED6D004DB552 /* Resources */ = {
			isa = PBXResourcesBuildPhase;
			buildActionMask = 2147483647;
			files = (
			);
			runOnlyForDeploymentPostprocessing = 0;
		};
		40850FF12D5BED6E004DB552 /* Resources */ = {
			isa = PBXResourcesBuildPhase;
			buildActionMask = 2147483647;
			files = (
			);
			runOnlyForDeploymentPostprocessing = 0;
		};
		40850FFB2D5BED6E004DB552 /* Resources */ = {
			isa = PBXResourcesBuildPhase;
			buildActionMask = 2147483647;
			files = (
			);
			runOnlyForDeploymentPostprocessing = 0;
		};
/* End PBXResourcesBuildPhase section */

/* Begin PBXSourcesBuildPhase section */
		40850FDF2D5BED6D004DB552 /* Sources */ = {
			isa = PBXSourcesBuildPhase;
			buildActionMask = 2147483647;
			files = (
			);
			runOnlyForDeploymentPostprocessing = 0;
		};
		40850FEF2D5BED6E004DB552 /* Sources */ = {
			isa = PBXSourcesBuildPhase;
			buildActionMask = 2147483647;
			files = (
			);
			runOnlyForDeploymentPostprocessing = 0;
		};
		40850FF92D5BED6E004DB552 /* Sources */ = {
			isa = PBXSourcesBuildPhase;
			buildActionMask = 2147483647;
			files = (
			);
			runOnlyForDeploymentPostprocessing = 0;
		};
/* End PBXSourcesBuildPhase section */

/* Begin PBXTargetDependency section */
		40850FF52D5BED6E004DB552 /* PBXTargetDependency */ = {
			isa = PBXTargetDependency;
			target = 40850FE22D5BED6D004DB552 /* active-reminders-frontend */;
			targetProxy = 40850FF42D5BED6E004DB552 /* PBXContainerItemProxy */;
		};
		40850FFF2D5BED6E004DB552 /* PBXTargetDependency */ = {
			isa = PBXTargetDependency;
			target = 40850FE22D5BED6D004DB552 /* active-reminders-frontend */;
			targetProxy = 40850FFE2D5BED6E004DB552 /* PBXContainerItemProxy */;
		};
/* End PBXTargetDependency section */

/* Begin XCBuildConfiguration section */
		408510052D5BED6E004DB552 /* Debug */ = {
			isa = XCBuildConfiguration;
			buildSettings = {
				ALWAYS_SEARCH_USER_PATHS = NO;
				ASSETCATALOG_COMPILER_GENERATE_SWIFT_ASSET_SYMBOL_EXTENSIONS = YES;
				CLANG_ANALYZER_NONNULL = YES;
				CLANG_ANALYZER_NUMBER_OBJECT_CONVERSION = YES_AGGRESSIVE;
				CLANG_CXX_LANGUAGE_STANDARD = "gnu++20";
				CLANG_ENABLE_MODULES = YES;
				CLANG_ENABLE_OBJC_ARC = YES;
				CLANG_ENABLE_OBJC_WEAK = YES;
				CLANG_WARN_BLOCK_CAPTURE_AUTORELEASING = YES;
				CLANG_WARN_BOOL_CONVERSION = YES;
				CLANG_WARN_COMMA = YES;
				CLANG_WARN_CONSTANT_CONVERSION = YES;
				CLANG_WARN_DEPRECATED_OBJC_IMPLEMENTATIONS = YES;
				CLANG_WARN_DIRECT_OBJC_ISA_USAGE = YES_ERROR;
				CLANG_WARN_DOCUMENTATION_COMMENTS = YES;
				CLANG_WARN_EMPTY_BODY = YES;
				CLANG_WARN_ENUM_CONVERSION = YES;
				CLANG_WARN_INFINITE_RECURSION = YES;
				CLANG_WARN_INT_CONVERSION = YES;
				CLANG_WARN_NON_LITERAL_NULL_CONVERSION = YES;
				CLANG_WARN_OBJC_IMPLICIT_RETAIN_SELF = YES;
				CLANG_WARN_OBJC_LITERAL_CONVERSION = YES;
				CLANG_WARN_OBJC_ROOT_CLASS = YES_ERROR;
				CLANG_WARN_QUOTED_INCLUDE_IN_FRAMEWORK_HEADER = YES;
				CLANG_WARN_RANGE_LOOP_ANALYSIS = YES;
				CLANG_WARN_STRICT_PROTOTYPES = YES;
				CLANG_WARN_SUSPICIOUS_MOVE = YES;
				CLANG_WARN_UNGUARDED_AVAILABILITY = YES_AGGRESSIVE;
				CLANG_WARN_UNREACHABLE_CODE = YES;
				CLANG_WARN__DUPLICATE_METHOD_MATCH = YES;
				COPY_PHASE_STRIP = NO;
				DEBUG_INFORMATION_FORMAT = dwarf;
				ENABLE_STRICT_OBJC_MSGSEND = YES;
				ENABLE_TESTABILITY = YES;
				ENABLE_USER_SCRIPT_SANDBOXING = YES;
				GCC_C_LANGUAGE_STANDARD = gnu17;
				GCC_DYNAMIC_NO_PIC = NO;
				GCC_NO_COMMON_BLOCKS = YES;
				GCC_OPTIMIZATION_LEVEL = 0;
				GCC_PREPROCESSOR_DEFINITIONS = (
					"DEBUG=1",
					"$(inherited)",
				);
				GCC_WARN_64_TO_32_BIT_CONVERSION = YES;
				GCC_WARN_ABOUT_RETURN_TYPE = YES_ERROR;
				GCC_WARN_UNDECLARED_SELECTOR = YES;
				GCC_WARN_UNINITIALIZED_AUTOS = YES_AGGRESSIVE;
				GCC_WARN_UNUSED_FUNCTION = YES;
				GCC_WARN_UNUSED_VARIABLE = YES;
				IPHONEOS_DEPLOYMENT_TARGET = 18.2;
				LOCALIZATION_PREFERS_STRING_CATALOGS = YES;
				MTL_ENABLE_DEBUG_INFO = INCLUDE_SOURCE;
				MTL_FAST_MATH = YES;
				ONLY_ACTIVE_ARCH = YES;
				SDKROOT = iphoneos;
				SWIFT_ACTIVE_COMPILATION_CONDITIONS = "DEBUG $(inherited)";
				SWIFT_OPTIMIZATION_LEVEL = "-Onone";
			};
			name = Debug;
		};
		408510062D5BED6E004DB552 /* Release */ = {
			isa = XCBuildConfiguration;
			buildSettings = {
				ALWAYS_SEARCH_USER_PATHS = NO;
				ASSETCATALOG_COMPILER_GENERATE_SWIFT_ASSET_SYMBOL_EXTENSIONS = YES;
				CLANG_ANALYZER_NONNULL = YES;
				CLANG_ANALYZER_NUMBER_OBJECT_CONVERSION = YES_AGGRESSIVE;
				CLANG_CXX_LANGUAGE_STANDARD = "gnu++20";
				CLANG_ENABLE_MODULES = YES;
				CLANG_ENABLE_OBJC_ARC = YES;
				CLANG_ENABLE_OBJC_WEAK = YES;
				CLANG_WARN_BLOCK_CAPTURE_AUTORELEASING = YES;
				CLANG_WARN_BOOL_CONVERSION = YES;
				CLANG_WARN_COMMA = YES;
				CLANG_WARN_CONSTANT_CONVERSION = YES;
				CLANG_WARN_DEPRECATED_OBJC_IMPLEMENTATIONS = YES;
				CLANG_WARN_DIRECT_OBJC_ISA_USAGE = YES_ERROR;
				CLANG_WARN_DOCUMENTATION_COMMENTS = YES;
				CLANG_WARN_EMPTY_BODY = YES;
				CLANG_WARN_ENUM_CONVERSION = YES;
				CLANG_WARN_INFINITE_RECURSION = YES;
				CLANG_WARN_INT_CONVERSION = YES;
				CLANG_WARN_NON_LITERAL_NULL_CONVERSION = YES;
				CLANG_WARN_OBJC_IMPLICIT_RETAIN_SELF = YES;
				CLANG_WARN_OBJC_LITERAL_CONVERSION = YES;
				CLANG_WARN_OBJC_ROOT_CLASS = YES_ERROR;
				CLANG_WARN_QUOTED_INCLUDE_IN_FRAMEWORK_HEADER = YES;
				CLANG_WARN_RANGE_LOOP_ANALYSIS = YES;
				CLANG_WARN_STRICT_PROTOTYPES = YES;
				CLANG_WARN_SUSPICIOUS_MOVE = YES;
				CLANG_WARN_UNGUARDED_AVAILABILITY = YES_AGGRESSIVE;
				CLANG_WARN_UNREACHABLE_CODE = YES;
				CLANG_WARN__DUPLICATE_METHOD_MATCH = YES;
				COPY_PHASE_STRIP = NO;
				DEBUG_INFORMATION_FORMAT = "dwarf-with-dsym";
				ENABLE_NS_ASSERTIONS = NO;
				ENABLE_STRICT_OBJC_MSGSEND = YES;
				ENABLE_USER_SCRIPT_SANDBOXING = YES;
				GCC_C_LANGUAGE_STANDARD = gnu17;
				GCC_NO_COMMON_BLOCKS = YES;
				GCC_WARN_64_TO_32_BIT_CONVERSION = YES;
				GCC_WARN_ABOUT_RETURN_TYPE = YES_ERROR;
				GCC_WARN_UNDECLARED_SELECTOR = YES;
				GCC_WARN_UNINITIALIZED_AUTOS = YES_AGGRESSIVE;
				GCC_WARN_UNUSED_FUNCTION = YES;
				GCC_WARN_UNUSED_VARIABLE = YES;
				IPHONEOS_DEPLOYMENT_TARGET = 18.2;
				LOCALIZATION_PREFERS_STRING_CATALOGS = YES;
				MTL_ENABLE_DEBUG_INFO = NO;
				MTL_FAST_MATH = YES;
				SDKROOT = iphoneos;
				SWIFT_COMPILATION_MODE = wholemodule;
				VALIDATE_PRODUCT = YES;
			};
			name = Release;
		};
		408510082D5BED6E004DB552 /* Debug */ = {
			isa = XCBuildConfiguration;
			buildSettings = {
				ASSETCATALOG_COMPILER_APPICON_NAME = AppIcon;
				ASSETCATALOG_COMPILER_GLOBAL_ACCENT_COLOR_NAME = AccentColor;
				CODE_SIGN_STYLE = Automatic;
				CURRENT_PROJECT_VERSION = 1;
				DEVELOPMENT_ASSET_PATHS = "\"active-reminders-frontend/Preview Content\"";
				ENABLE_PREVIEWS = YES;
				GENERATE_INFOPLIST_FILE = YES;
				INFOPLIST_FILE = "active-reminders-frontend/Info.plist";
				INFOPLIST_KEY_UIApplicationSceneManifest_Generation = YES;
				INFOPLIST_KEY_UIApplicationSupportsIndirectInputEvents = YES;
				INFOPLIST_KEY_UILaunchScreen_Generation = YES;
				INFOPLIST_KEY_UISupportedInterfaceOrientations_iPad = "UIInterfaceOrientationPortrait UIInterfaceOrientationPortraitUpsideDown UIInterfaceOrientationLandscapeLeft UIInterfaceOrientationLandscapeRight";
				INFOPLIST_KEY_UISupportedInterfaceOrientations_iPhone = "UIInterfaceOrientationPortrait UIInterfaceOrientationLandscapeLeft UIInterfaceOrientationLandscapeRight";
				LD_RUNPATH_SEARCH_PATHS = (
					"$(inherited)",
					"@executable_path/Frameworks",
				);
				MARKETING_VERSION = 1.0;
				PRODUCT_BUNDLE_IDENTIFIER = "com.roni.active-reminders-frontend";
				PRODUCT_NAME = "$(TARGET_NAME)";
				SWIFT_EMIT_LOC_STRINGS = YES;
				SWIFT_VERSION = 5.0;
				TARGETED_DEVICE_FAMILY = "1,2";
			};
			name = Debug;
		};
		408510092D5BED6E004DB552 /* Release */ = {
			isa = XCBuildConfiguration;
			buildSettings = {
				ASSETCATALOG_COMPILER_APPICON_NAME = AppIcon;
				ASSETCATALOG_COMPILER_GLOBAL_ACCENT_COLOR_NAME = AccentColor;
				CODE_SIGN_STYLE = Automatic;
				CURRENT_PROJECT_VERSION = 1;
				DEVELOPMENT_ASSET_PATHS = "\"active-reminders-frontend/Preview Content\"";
				ENABLE_PREVIEWS = YES;
				GENERATE_INFOPLIST_FILE = YES;
				INFOPLIST_FILE = "active-reminders-frontend/Info.plist";
				INFOPLIST_KEY_UIApplicationSceneManifest_Generation = YES;
				INFOPLIST_KEY_UIApplicationSupportsIndirectInputEvents = YES;
				INFOPLIST_KEY_UILaunchScreen_Generation = YES;
				INFOPLIST_KEY_UISupportedInterfaceOrientations_iPad = "UIInterfaceOrientationPortrait UIInterfaceOrientationPortraitUpsideDown UIInterfaceOrientationLandscapeLeft UIInterfaceOrientationLandscapeRight";
				INFOPLIST_KEY_UISupportedInterfaceOrientations_iPhone = "UIInterfaceOrientationPortrait UIInterfaceOrientationLandscapeLeft UIInterfaceOrientationLandscapeRight";
				LD_RUNPATH_SEARCH_PATHS = (
					"$(inherited)",
					"@executable_path/Frameworks",
				);
				MARKETING_VERSION = 1.0;
				PRODUCT_BUNDLE_IDENTIFIER = "com.roni.active-reminders-frontend";
				PRODUCT_NAME = "$(TARGET_NAME)";
				SWIFT_EMIT_LOC_STRINGS = YES;
				SWIFT_VERSION = 5.0;
				TARGETED_DEVICE_FAMILY = "1,2";
			};
			name = Release;
		};
		4085100B2D5BED6E004DB552 /* Debug */ = {
			isa = XCBuildConfiguration;
			buildSettings = {
				BUNDLE_LOADER = "$(TEST_HOST)";
				CODE_SIGN_STYLE = Automatic;
				CURRENT_PROJECT_VERSION = 1;
				GENERATE_INFOPLIST_FILE = YES;
				IPHONEOS_DEPLOYMENT_TARGET = 18.2;
				MARKETING_VERSION = 1.0;
				PRODUCT_BUNDLE_IDENTIFIER = "com.roni.active-reminders-frontendTests";
				PRODUCT_NAME = "$(TARGET_NAME)";
				SWIFT_EMIT_LOC_STRINGS = NO;
				SWIFT_VERSION = 5.0;
				TARGETED_DEVICE_FAMILY = "1,2";
				TEST_HOST = "$(BUILT_PRODUCTS_DIR)/active-reminders-frontend.app/$(BUNDLE_EXECUTABLE_FOLDER_PATH)/active-reminders-frontend";
			};
			name = Debug;
		};
		4085100C2D5BED6E004DB552 /* Release */ = {
			isa = XCBuildConfiguration;
			buildSettings = {
				BUNDLE_LOADER = "$(TEST_HOST)";
				CODE_SIGN_STYLE = Automatic;
				CURRENT_PROJECT_VERSION = 1;
				GENERATE_INFOPLIST_FILE = YES;
				IPHONEOS_DEPLOYMENT_TARGET = 18.2;
				MARKETING_VERSION = 1.0;
				PRODUCT_BUNDLE_IDENTIFIER = "com.roni.active-reminders-frontendTests";
				PRODUCT_NAME = "$(TARGET_NAME)";
				SWIFT_EMIT_LOC_STRINGS = NO;
				SWIFT_VERSION = 5.0;
				TARGETED_DEVICE_FAMILY = "1,2";
				TEST_HOST = "$(BUILT_PRODUCTS_DIR)/active-reminders-frontend.app/$(BUNDLE_EXECUTABLE_FOLDER_PATH)/active-reminders-frontend";
			};
			name = Release;
		};
		4085100E2D5BED6E004DB552 /* Debug */ = {
			isa = XCBuildConfiguration;
			buildSettings = {
				CODE_SIGN_STYLE = Automatic;
				CURRENT_PROJECT_VERSION = 1;
				GENERATE_INFOPLIST_FILE = YES;
				MARKETING_VERSION = 1.0;
				PRODUCT_BUNDLE_IDENTIFIER = "com.roni.active-reminders-frontendUITests";
				PRODUCT_NAME = "$(TARGET_NAME)";
				SWIFT_EMIT_LOC_STRINGS = NO;
				SWIFT_VERSION = 5.0;
				TARGETED_DEVICE_FAMILY = "1,2";
				TEST_TARGET_NAME = "active-reminders-frontend";
			};
			name = Debug;
		};
		4085100F2D5BED6E004DB552 /* Release */ = {
			isa = XCBuildConfiguration;
			buildSettings = {
				CODE_SIGN_STYLE = Automatic;
				CURRENT_PROJECT_VERSION = 1;
				GENERATE_INFOPLIST_FILE = YES;
				MARKETING_VERSION = 1.0;
				PRODUCT_BUNDLE_IDENTIFIER = "com.roni.active-reminders-frontendUITests";
				PRODUCT_NAME = "$(TARGET_NAME)";
				SWIFT_EMIT_LOC_STRINGS = NO;
				SWIFT_VERSION = 5.0;
				TARGETED_DEVICE_FAMILY = "1,2";
				TEST_TARGET_NAME = "active-reminders-frontend";
			};
			name = Release;
		};
/* End XCBuildConfiguration section */

/* Begin XCConfigurationList section */
		40850FDE2D5BED6D004DB552 /* Build configuration list for PBXProject "active-reminders-frontend" */ = {
			isa = XCConfigurationList;
			buildConfigurations = (
				408510052D5BED6E004DB552 /* Debug */,
				408510062D5BED6E004DB552 /* Release */,
			);
			defaultConfigurationIsVisible = 0;
			defaultConfigurationName = Release;
		};
		408510072D5BED6E004DB552 /* Build configuration list for PBXNativeTarget "active-reminders-frontend" */ = {
			isa = XCConfigurationList;
			buildConfigurations = (
				408510082D5BED6E004DB552 /* Debug */,
				408510092D5BED6E004DB552 /* Release */,
			);
			defaultConfigurationIsVisible = 0;
			defaultConfigurationName = Release;
		};
		4085100A2D5BED6E004DB552 /* Build configuration list for PBXNativeTarget "active-reminders-frontendTests" */ = {
			isa = XCConfigurationList;
			buildConfigurations = (
				4085100B2D5BED6E004DB552 /* Debug */,
				4085100C2D5BED6E004DB552 /* Release */,
			);
			defaultConfigurationIsVisible = 0;
			defaultConfigurationName = Release;
		};
		4085100D2D5BED6E004DB552 /* Build configuration list for PBXNativeTarget "active-reminders-frontendUITests" */ = {
			isa = XCConfigurationList;
			buildConfigurations = (
				4085100E2D5BED6E004DB552 /* Debug */,
				4085100F2D5BED6E004DB552 /* Release */,
			);
			defaultConfigurationIsVisible = 0;
			defaultConfigurationName = Release;
		};
/* End XCConfigurationList section */

/* Begin XCRemoteSwiftPackageReference section */
		408510102D5BEDAD004DB552 /* XCRemoteSwiftPackageReference "supabase-swift" */ = {
			isa = XCRemoteSwiftPackageReference;
			repositoryURL = "https://github.com/supabase-community/supabase-swift";
			requirement = {
				kind = upToNextMajorVersion;
				minimumVersion = 2.5.1;
			};
		};
/* End XCRemoteSwiftPackageReference section */

/* Begin XCSwiftPackageProductDependency section */
		40388F2F2D5BEDFE0064544C /* Supabase */ = {
			isa = XCSwiftPackageProductDependency;
			package = 408510102D5BEDAD004DB552 /* XCRemoteSwiftPackageReference "supabase-swift" */;
			productName = Supabase;
		};
/* End XCSwiftPackageProductDependency section */
	};
	rootObject = 40850FDB2D5BED6D004DB552 /* Project object */;
}
